
Microsoft Visual Studio Solution File, Format Version 12.00
# Visual Studio Version 17
VisualStudioVersion = 17.8.34309.116
MinimumVisualStudioVersion = 10.0.40219.1
Project("{FAE04EC0-301F-11D3-BF4B-00C04F79EFBC}") = "GeometricShapesLibrary", "GeometricShapesLibrary\GeometricShapesLibrary.csproj", "{E69A9500-8AB5-405F-B588-83B2DED65AA9}"
EndProject
Project("{FAE04EC0-301F-11D3-BF4B-00C04F79EFBC}") = "GeometricShapesLibrary.Tests", "GeometricShapesLibrary.Tests\GeometricShapesLibrary.Tests.csproj", "{84366C79-0B8B-4E5B-ACF4-4714CD4FE67E}"
EndProject
Project("{2150E333-8FDC-42A3-9474-1A3956D46DE8}") = "Элементы решения", "Элементы решения", "{995481BA-19DA-4B5F-991E-151BF56A803C}"
	ProjectSection(SolutionItems) = preProject
		TestSqript.sql = TestSqript.sql
	EndProjectSection
EndProject
Global
	GlobalSection(SolutionConfigurationPlatforms) = preSolution
		Debug|Any CPU = Debug|Any CPU
		Release|Any CPU = Release|Any CPU
	EndGlobalSection
	GlobalSection(ProjectConfigurationPlatforms) = postSolution
		{E69A9500-8AB5-405F-B588-83B2DED65AA9}.Debug|Any CPU.ActiveCfg = Debug|Any CPU
		{E69A9500-8AB5-405F-B588-83B2DED65AA9}.Debug|Any CPU.Build.0 = Debug|Any CPU
		{E69A9500-8AB5-405F-B588-83B2DED65AA9}.Release|Any CPU.ActiveCfg = Release|Any CPU
		{E69A9500-8AB5-405F-B588-83B2DED65AA9}.Release|Any CPU.Build.0 = Release|Any CPU
		{84366C79-0B8B-4E5B-ACF4-4714CD4FE67E}.Debug|Any CPU.ActiveCfg = Debug|Any CPU
		{84366C79-0B8B-4E5B-ACF4-4714CD4FE67E}.Debug|Any CPU.Build.0 = Debug|Any CPU
		{84366C79-0B8B-4E5B-ACF4-4714CD4FE67E}.Release|Any CPU.ActiveCfg = Release|Any CPU
		{84366C79-0B8B-4E5B-ACF4-4714CD4FE67E}.Release|Any CPU.Build.0 = Release|Any CPU
	EndGlobalSection
	GlobalSection(SolutionProperties) = preSolution
		HideSolutionNode = FALSE
	EndGlobalSection
	GlobalSection(ExtensibilityGlobals) = postSolution
		SolutionGuid = {06A70104-1FF5-4520-A662-BE6A77269F6B}
	EndGlobalSection
EndGlobal
